// !$*UTF8*$!
{
	archiveVersion = 1;
	classes = {
	};
	objectVersion = 46;
	objects = {

/* Begin PBXBuildFile section */
		041BC8591FBC142500390F4C /* main.m in Sources */ = {isa = PBXBuildFile; fileRef = 041BC8581FBC142500390F4C /* main.m */; };
		041BC85C1FBC142500390F4C /* AppDelegate.m in Sources */ = {isa = PBXBuildFile; fileRef = 041BC85B1FBC142500390F4C /* AppDelegate.m */; };
		041BC85F1FBC142500390F4C /* ViewController.m in Sources */ = {isa = PBXBuildFile; fileRef = 041BC85E1FBC142500390F4C /* ViewController.m */; };
		041BC8621FBC142500390F4C /* Main.storyboard in Resources */ = {isa = PBXBuildFile; fileRef = 041BC8601FBC142500390F4C /* Main.storyboard */; };
		041BC8641FBC142500390F4C /* Assets.xcassets in Resources */ = {isa = PBXBuildFile; fileRef = 041BC8631FBC142500390F4C /* Assets.xcassets */; };
		041BC8671FBC142500390F4C /* LaunchScreen.storyboard in Resources */ = {isa = PBXBuildFile; fileRef = 041BC8651FBC142500390F4C /* LaunchScreen.storyboard */; };
/* End PBXBuildFile section */

/* Begin PBXFileReference section */
		041BC8541FBC142500390F4C /* Guide_CoreAnimation.app */ = {isa = PBXFileReference; explicitFileType = wrapper.application; includeInIndex = 0; path = Guide_CoreAnimation.app; sourceTree = BUILT_PRODUCTS_DIR; };
		041BC8581FBC142500390F4C /* main.m */ = {isa = PBXFileReference; lastKnownFileType = sourcecode.c.objc; path = main.m; sourceTree = "<group>"; };
		041BC85A1FBC142500390F4C /* AppDelegate.h */ = {isa = PBXFileReference; lastKnownFileType = sourcecode.c.h; path = AppDelegate.h; sourceTree = "<group>"; };
		041BC85B1FBC142500390F4C /* AppDelegate.m */ = {isa = PBXFileReference; lastKnownFileType = sourcecode.c.objc; path = AppDelegate.m; sourceTree = "<group>"; };
		041BC85D1FBC142500390F4C /* ViewController.h */ = {isa = PBXFileReference; lastKnownFileType = sourcecode.c.h; path = ViewController.h; sourceTree = "<group>"; };
		041BC85E1FBC142500390F4C /* ViewController.m */ = {isa = PBXFileReference; lastKnownFileType = sourcecode.c.objc; path = ViewController.m; sourceTree = "<group>"; };
		041BC8611FBC142500390F4C /* Base */ = {isa = PBXFileReference; lastKnownFileType = file.storyboard; name = Base; path = Base.lproj/Main.storyboard; sourceTree = "<group>"; };
		041BC8631FBC142500390F4C /* Assets.xcassets */ = {isa = PBXFileReference; lastKnownFileType = folder.assetcatalog; path = Assets.xcassets; sourceTree = "<group>"; };
		041BC8661FBC142500390F4C /* Base */ = {isa = PBXFileReference; lastKnownFileType = file.storyboard; name = Base; path = Base.lproj/LaunchScreen.storyboard; sourceTree = "<group>"; };
		041BC8681FBC142500390F4C /* Info.plist */ = {isa = PBXFileReference; lastKnownFileType = text.plist.xml; path = Info.plist; sourceTree = "<group>"; };
/* End PBXFileReference section */

/* Begin PBXFrameworksBuildPhase section */
		041BC8511FBC142500390F4C /* Frameworks */ = {
			isa = PBXFrameworksBuildPhase;
			buildActionMask = 2147483647;
			files = (
			);
			runOnlyForDeploymentPostprocessing = 0;
		};
/* End PBXFrameworksBuildPhase section */

/* Begin PBXGroup section */
		041BC84B1FBC142500390F4C = {
			isa = PBXGroup;
			children = (
				041BC8561FBC142500390F4C /* Guide_CoreAnimation */,
				041BC8551FBC142500390F4C /* Products */,
			);
			sourceTree = "<group>";
		};
		041BC8551FBC142500390F4C /* Products */ = {
			isa = PBXGroup;
			children = (
				041BC8541FBC142500390F4C /* Guide_CoreAnimation.app */,
			);
			name = Products;
			sourceTree = "<group>";
		};
		041BC8561FBC142500390F4C /* Guide_CoreAnimation */ = {
			isa = PBXGroup;
			children = (
				041BC85A1FBC142500390F4C /* AppDelegate.h */,
				041BC85B1FBC142500390F4C /* AppDelegate.m */,
				041BC85D1FBC142500390F4C /* ViewController.h */,
				041BC85E1FBC142500390F4C /* ViewController.m */,
				041BC8601FBC142500390F4C /* Main.storyboard */,
				041BC8631FBC142500390F4C /* Assets.xcassets */,
				041BC8651FBC142500390F4C /* LaunchScreen.storyboard */,
				041BC8681FBC142500390F4C /* Info.plist */,
				041BC8571FBC142500390F4C /* Supporting Files */,
			);
			path = Guide_CoreAnimation;
			sourceTree = "<group>";
		};
		041BC8571FBC142500390F4C /* Supporting Files */ = {
			isa = PBXGroup;
			children = (
				041BC8581FBC142500390F4C /* main.m */,
			);
			name = "Supporting Files";
			sourceTree = "<group>";
		};
/* End PBXGroup section */

/* Begin PBXNativeTarget section */
		041BC8531FBC142500390F4C /* Guide_CoreAnimation */ = {
			isa = PBXNativeTarget;
			buildConfigurationList = 041BC86B1FBC142500390F4C /* Build configuration list for PBXNativeTarget "Guide_CoreAnimation" */;
			buildPhases = (
				041BC8501FBC142500390F4C /* Sources */,
				041BC8511FBC142500390F4C /* Frameworks */,
				041BC8521FBC142500390F4C /* Resources */,
			);
			buildRules = (
			);
			dependencies = (
			);
			name = Guide_CoreAnimation;
			productName = Guide_CoreAnimation;
			productReference = 041BC8541FBC142500390F4C /* Guide_CoreAnimation.app */;
			productType = "com.apple.product-type.application";
		};
/* End PBXNativeTarget section */

/* Begin PBXProject section */
		041BC84C1FBC142500390F4C /* Project object */ = {
			isa = PBXProject;
			attributes = {
				LastUpgradeCheck = 0830;
				ORGANIZATIONNAME = xiaowei;
				TargetAttributes = {
					041BC8531FBC142500390F4C = {
						CreatedOnToolsVersion = 8.3.2;
						ProvisioningStyle = Automatic;
					};
				};
			};
			buildConfigurationList = 041BC84F1FBC142500390F4C /* Build configuration list for PBXProject "Guide_CoreAnimation" */;
			compatibilityVersion = "Xcode 3.2";
			developmentRegion = English;
			hasScannedForEncodings = 0;
			knownRegions = (
				en,
				Base,
			);
			mainGroup = 041BC84B1FBC142500390F4C;
			productRefGroup = 041BC8551FBC142500390F4C /* Products */;
			projectDirPath = "";
			projectRoot = "";
			targets = (
				041BC8531FBC142500390F4C /* Guide_CoreAnimation */,
			);
		};
/* End PBXProject section */

/* Begin PBXResourcesBuildPhase section */
		041BC8521FBC142500390F4C /* Resources */ = {
			isa = PBXResourcesBuildPhase;
			buildActionMask = 2147483647;
			files = (
				041BC8671FBC142500390F4C /* LaunchScreen.storyboard in Resources */,
				041BC8641FBC142500390F4C /* Assets.xcassets in Resources */,
				041BC8621FBC142500390F4C /* Main.storyboard in Resources */,
			);
			runOnlyForDeploymentPostprocessing = 0;
		};
/* End PBXResourcesBuildPhase section */

/* Begin PBXSourcesBuildPhase section */
		041BC8501FBC142500390F4C /* Sources */ = {
			isa = PBXSourcesBuildPhase;
			buildActionMask = 2147483647;
			files = (
				041BC85F1FBC142500390F4C /* ViewController.m in Sources */,
				041BC85C1FBC142500390F4C /* AppDelegate.m in Sources */,
				041BC8591FBC142500390F4C /* main.m in Sources */,
			);
			runOnlyForDeploymentPostprocessing = 0;
		};
/* End PBXSourcesBuildPhase section */

/* Begin PBXVariantGroup section */
		041BC8601FBC142500390F4C /* Main.storyboard */ = {
			isa = PBXVariantGroup;
			children = (
				041BC8611FBC142500390F4C /* Base */,
			);
			name = Main.storyboard;
			sourceTree = "<group>";
		};
		041BC8651FBC142500390F4C /* LaunchScreen.storyboard */ = {
			isa = PBXVariantGroup;
			children = (
				041BC8661FBC142500390F4C /* Base */,
			);
			name = LaunchScreen.storyboard;
			sourceTree = "<group>";
		};
/* End PBXVariantGroup section */

/* Begin XCBuildConfiguration section */
		041BC8691FBC142500390F4C /* Debug */ = {
			isa = XCBuildConfiguration;
			buildSettings = {
				ALWAYS_SEARCH_USER_PATHS = NO;
				CLANG_ANALYZER_NONNULL = YES;
				CLANG_ANALYZER_NUMBER_OBJECT_CONVERSION = YES_AGGRESSIVE;
				CLANG_CXX_LANGUAGE_STANDARD = "gnu++0x";
				CLANG_CXX_LIBRARY = "libc++";
				CLANG_ENABLE_MODULES = YES;
				CLANG_ENABLE_OBJC_ARC = YES;
				CLANG_WARN_BOOL_CONVERSION = YES;
				CLANG_WARN_CONSTANT_CONVERSION = YES;
				CLANG_WARN_DIRECT_OBJC_ISA_USAGE = YES_ERROR;
				CLANG_WARN_DOCUMENTATION_COMMENTS = YES;
				CLANG_WARN_EMPTY_BODY = YES;
				CLANG_WARN_ENUM_CONVERSION = YES;
				CLANG_WARN_INFINITE_RECURSION = YES;
				CLANG_WARN_INT_CONVERSION = YES;
				CLANG_WARN_OBJC_ROOT_CLASS = YES_ERROR;
				CLANG_WARN_SUSPICIOUS_MOVE = YES;
				CLANG_WARN_UNREACHABLE_CODE = YES;
				CLANG_WARN__DUPLICATE_METHOD_MATCH = YES;
				"CODE_SIGN_IDENTITY[sdk=iphoneos*]" = "iPhone Developer";
				COPY_PHASE_STRIP = NO;
				DEBUG_INFORMATION_FORMAT = dwarf;
				ENABLE_STRICT_OBJC_MSGSEND = YES;
				ENABLE_TESTABILITY = YES;
				GCC_C_LANGUAGE_STANDARD = gnu99;
				GCC_DYNAMIC_NO_PIC = NO;
				GCC_NO_COMMON_BLOCKS = YES;
				GCC_OPTIMIZATION_LEVEL = 0;
				GCC_PREPROCESSOR_DEFINITIONS = (
					"DEBUG=1",
					"$(inherited)",
				);
				GCC_WARN_64_TO_32_BIT_CONVERSION = YES;
				GCC_WARN_ABOUT_RETURN_TYPE = YES_ERROR;
				GCC_WARN_UNDECLARED_SELECTOR = YES;
				GCC_WARN_UNINITIALIZED_AUTOS = YES_AGGRESSIVE;
				GCC_WARN_UNUSED_FUNCTION = YES;
				GCC_WARN_UNUSED_VARIABLE = YES;
				IPHONEOS_DEPLOYMENT_TARGET = 10.3;
				MTL_ENABLE_DEBUG_INFO = YES;
				ONLY_ACTIVE_ARCH = YES;
				SDKROOT = iphoneos;
				TARGETED_DEVICE_FAMILY = "1,2";
			};
			name = Debug;
		};
		041BC86A1FBC142500390F4C /* Release */ = {
			isa = XCBuildConfiguration;
			buildSettings = {
				ALWAYS_SEARCH_USER_PATHS = NO;
				CLANG_ANALYZER_NONNULL = YES;
				CLANG_ANALYZER_NUMBER_OBJECT_CONVERSION = YES_AGGRESSIVE;
				CLANG_CXX_LANGUAGE_STANDARD = "gnu++0x";
				CLANG_CXX_LIBRARY = "libc++";
				CLANG_ENABLE_MODULES = YES;
				CLANG_ENABLE_OBJC_ARC = YES;
				CLANG_WARN_BOOL_CONVERSION = YES;
				CLANG_WARN_CONSTANT_CONVERSION = YES;
				CLANG_WARN_DIRECT_OBJC_ISA_USAGE = YES_ERROR;
				CLANG_WARN_DOCUMENTATION_COMMENTS = YES;
				CLANG_WARN_EMPTY_BODY = YES;
				CLANG_WARN_ENUM_CONVERSION = YES;
				CLANG_WARN_INFINITE_RECURSION = YES;
				CLANG_WARN_INT_CONVERSION = YES;
				CLANG_WARN_OBJC_ROOT_CLASS = YES_ERROR;
				CLANG_WARN_SUSPICIOUS_MOVE = YES;
				CLANG_WARN_UNREACHABLE_CODE = YES;
				CLANG_WARN__DUPLICATE_METHOD_MATCH = YES;
				"CODE_SIGN_IDENTITY[sdk=iphoneos*]" = "iPhone Developer";
				COPY_PHASE_STRIP = NO;
				DEBUG_INFORMATION_FORMAT = "dwarf-with-dsym";
				ENABLE_NS_ASSERTIONS = NO;
				ENABLE_STRICT_OBJC_MSGSEND = YES;
				GCC_C_LANGUAGE_STANDARD = gnu99;
				GCC_NO_COMMON_BLOCKS = YES;
				GCC_WARN_64_TO_32_BIT_CONVERSION = YES;
				GCC_WARN_ABOUT_RETURN_TYPE = YES_ERROR;
				GCC_WARN_UNDECLARED_SELECTOR = YES;
				GCC_WARN_UNINITIALIZED_AUTOS = YES_AGGRESSIVE;
				GCC_WARN_UNUSED_FUNCTION = YES;
				GCC_WARN_UNUSED_VARIABLE = YES;
				IPHONEOS_DEPLOYMENT_TARGET = 10.3;
				MTL_ENABLE_DEBUG_INFO = NO;
				SDKROOT = iphoneos;
				TARGETED_DEVICE_FAMILY = "1,2";
				VALIDATE_PRODUCT = YES;
			};
			name = Release;
		};
		041BC86C1FBC142500390F4C /* Debug */ = {
			isa = XCBuildConfiguration;
			buildSettings = {
				ASSETCATALOG_COMPILER_APPICON_NAME = AppIcon;
				INFOPLIST_FILE = Guide_CoreAnimation/Info.plist;
				LD_RUNPATH_SEARCH_PATHS = "$(inherited) @executable_path/Frameworks";
				PRODUCT_BUNDLE_IDENTIFIER = "com.weixiao.Guide-CoreAnimation";
				PRODUCT_NAME = "$(TARGET_NAME)";
			};
			name = Debug;
		};
		041BC86D1FBC142500390F4C /* Release */ = {
			isa = XCBuildConfiguration;
			buildSettings = {
				ASSETCATALOG_COMPILER_APPICON_NAME = AppIcon;
				INFOPLIST_FILE = Guide_CoreAnimation/Info.plist;
				LD_RUNPATH_SEARCH_PATHS = "$(inherited) @executable_path/Frameworks";
				PRODUCT_BUNDLE_IDENTIFIER = "com.weixiao.Guide-CoreAnimation";
				PRODUCT_NAME = "$(TARGET_NAME)";
			};
			name = Release;
		};
/* End XCBuildConfiguration section */

/* Begin XCConfigurationList section */
		041BC84F1FBC142500390F4C /* Build configuration list for PBXProject "Guide_CoreAnimation" */ = {
			isa = XCConfigurationList;
			buildConfigurations = (
				041BC8691FBC142500390F4C /* Debug */,
				041BC86A1FBC142500390F4C /* Release */,
			);
			defaultConfigurationIsVisible = 0;
			defaultConfigurationName = Release;
		};
		041BC86B1FBC142500390F4C /* Build configuration list for PBXNativeTarget "Guide_CoreAnimation" */ = {
			isa = XCConfigurationList;
			buildConfigurations = (
				041BC86C1FBC142500390F4C /* Debug */,
				041BC86D1FBC142500390F4C /* Release */,
			);
			defaultConfigurationIsVisible = 0;
		};
/* End XCConfigurationList section */
	};
	rootObject = 041BC84C1FBC142500390F4C /* Project object */;
}
